
Microsoft Visual Studio Solution File, Format Version 12.00
# Visual Studio Version 16
VisualStudioVersion = 16.0.29411.108
MinimumVisualStudioVersion = 10.0.40219.1
Project("{9A19103F-16F7-4668-BE54-9A1E7A4F7556}") = "ImageGallery.API", "ImageGallery.API\ImageGallery.API.csproj", "{CC3A7611-E937-4497-9ECD-2F5D3C88F804}"
EndProject
Project("{9A19103F-16F7-4668-BE54-9A1E7A4F7556}") = "ImageGallery.Client", "ImageGallery.Client\ImageGallery.Client.csproj", "{6AF158F7-0526-4E46-B757-C8195149DF58}"
EndProject
Project("{9A19103F-16F7-4668-BE54-9A1E7A4F7556}") = "ImageGallery.Model", "ImageGallery.Model\ImageGallery.Model.csproj", "{4F9B82F5-516B-4B8C-AB88-6F6E7BC584D8}"
EndProject
Global
	GlobalSection(SolutionConfigurationPlatforms) = preSolution
		Debug|Any CPU = Debug|Any CPU
		Release|Any CPU = Release|Any CPU
	EndGlobalSection
	GlobalSection(ProjectConfigurationPlatforms) = postSolution
		{CC3A7611-E937-4497-9ECD-2F5D3C88F804}.Debug|Any CPU.ActiveCfg = Debug|Any CPU
		{CC3A7611-E937-4497-9ECD-2F5D3C88F804}.Debug|Any CPU.Build.0 = Debug|Any CPU
		{CC3A7611-E937-4497-9ECD-2F5D3C88F804}.Release|Any CPU.ActiveCfg = Release|Any CPU
		{CC3A7611-E937-4497-9ECD-2F5D3C88F804}.Release|Any CPU.Build.0 = Release|Any CPU
		{6AF158F7-0526-4E46-B757-C8195149DF58}.Debug|Any CPU.ActiveCfg = Debug|Any CPU
		{6AF158F7-0526-4E46-B757-C8195149DF58}.Debug|Any CPU.Build.0 = Debug|Any CPU
		{6AF158F7-0526-4E46-B757-C8195149DF58}.Release|Any CPU.ActiveCfg = Release|Any CPU
		{6AF158F7-0526-4E46-B757-C8195149DF58}.Release|Any CPU.Build.0 = Release|Any CPU
		{4F9B82F5-516B-4B8C-AB88-6F6E7BC584D8}.Debug|Any CPU.ActiveCfg = Debug|Any CPU
		{4F9B82F5-516B-4B8C-AB88-6F6E7BC584D8}.Debug|Any CPU.Build.0 = Debug|Any CPU
		{4F9B82F5-516B-4B8C-AB88-6F6E7BC584D8}.Release|Any CPU.ActiveCfg = Release|Any CPU
		{4F9B82F5-516B-4B8C-AB88-6F6E7BC584D8}.Release|Any CPU.Build.0 = Release|Any CPU
	EndGlobalSection
	GlobalSection(SolutionProperties) = preSolution
		HideSolutionNode = FALSE
	EndGlobalSection
	GlobalSection(ExtensibilityGlobals) = postSolution
		SolutionGuid = {F9CF36ED-2E0D-4C83-9C20-7E6EA65272DA}
	EndGlobalSection
EndGlobal
